
Microsoft Visual Studio Solution File, Format Version 12.00
# Visual Studio Version 17
VisualStudioVersion = 17.12.35521.163
MinimumVisualStudioVersion = 10.0.40219.1
Project("{2150E333-8FDC-42A3-9474-1A3956D46DE8}") = "app", "app", "{9FA8E299-5EB6-4736-A70D-558BFB9F26E8}"
EndProject
Project("{2150E333-8FDC-42A3-9474-1A3956D46DE8}") = "backend", "backend", "{CD75224C-9EFE-4FFE-97FF-97F8179A3586}"
EndProject
Project("{FAE04EC0-301F-11D3-BF4B-00C04F79EFBC}") = "trade-app", "trade-app\trade-app.csproj", "{3E8AE8F0-6E1D-4E37-970F-3D9C6AD48AC6}"
EndProject
Project("{8BC9CEB8-8B4A-11D0-8D11-00A0C91BC942}") = "trade-core", "trade-core\trade-core.vcxproj", "{16B0374A-BA0D-425F-AB2C-B9B379E388CB}"
EndProject
Project("{8BC9CEB8-8B4A-11D0-8D11-00A0C91BC942}") = "trade-core-console", "trade-core\trade-core-console\trade-core-console.vcxproj", "{2613C564-3622-42F1-A8C4-8F646153DAEF}"
EndProject
Global
	GlobalSection(SolutionConfigurationPlatforms) = preSolution
		Debug|Any CPU = Debug|Any CPU
		Release|Any CPU = Release|Any CPU
	EndGlobalSection
	GlobalSection(ProjectConfigurationPlatforms) = postSolution
		{3E8AE8F0-6E1D-4E37-970F-3D9C6AD48AC6}.Debug|Any CPU.ActiveCfg = Debug|Any CPU
		{3E8AE8F0-6E1D-4E37-970F-3D9C6AD48AC6}.Debug|Any CPU.Build.0 = Debug|Any CPU
		{3E8AE8F0-6E1D-4E37-970F-3D9C6AD48AC6}.Release|Any CPU.ActiveCfg = Release|Any CPU
		{3E8AE8F0-6E1D-4E37-970F-3D9C6AD48AC6}.Release|Any CPU.Build.0 = Release|Any CPU
		{16B0374A-BA0D-425F-AB2C-B9B379E388CB}.Debug|Any CPU.ActiveCfg = Debug|x64
		{16B0374A-BA0D-425F-AB2C-B9B379E388CB}.Debug|Any CPU.Build.0 = Debug|x64
		{16B0374A-BA0D-425F-AB2C-B9B379E388CB}.Release|Any CPU.ActiveCfg = Release|x64
		{16B0374A-BA0D-425F-AB2C-B9B379E388CB}.Release|Any CPU.Build.0 = Release|x64
		{2613C564-3622-42F1-A8C4-8F646153DAEF}.Debug|Any CPU.ActiveCfg = Debug|x64
		{2613C564-3622-42F1-A8C4-8F646153DAEF}.Debug|Any CPU.Build.0 = Debug|x64
		{2613C564-3622-42F1-A8C4-8F646153DAEF}.Release|Any CPU.ActiveCfg = Release|x64
		{2613C564-3622-42F1-A8C4-8F646153DAEF}.Release|Any CPU.Build.0 = Release|x64
	EndGlobalSection
	GlobalSection(SolutionProperties) = preSolution
		HideSolutionNode = FALSE
	EndGlobalSection
	GlobalSection(NestedProjects) = preSolution
		{3E8AE8F0-6E1D-4E37-970F-3D9C6AD48AC6} = {9FA8E299-5EB6-4736-A70D-558BFB9F26E8}
		{16B0374A-BA0D-425F-AB2C-B9B379E388CB} = {CD75224C-9EFE-4FFE-97FF-97F8179A3586}
		{2613C564-3622-42F1-A8C4-8F646153DAEF} = {CD75224C-9EFE-4FFE-97FF-97F8179A3586}
	EndGlobalSection
EndGlobal
